{
    "_meta": {
        "hash": {
            "sha256": "1b1f6fcd262213dc11339ce7d0c00b6427c34d8516951f726045d1e5737026e7"
        },
        "host-environment-markers": {
            "implementation_name": "cpython",
            "implementation_version": "3.6.0",
            "os_name": "posix",
            "platform_machine": "x86_64",
            "platform_python_implementation": "CPython",
            "platform_release": "16.7.0",
            "platform_system": "Darwin",
            "platform_version": "Darwin Kernel Version 16.7.0: Thu Jun 15 17:36:27 PDT 2017; root:xnu-3789.70.16~2/RELEASE_X86_64",
            "python_full_version": "3.6.0+",
            "python_version": "3.6",
            "sys_platform": "darwin"
        },
        "pipfile-spec": 6,
        "requires": {},
        "sources": [
            {
                "name": "pypi",
                "url": "https://pypi.python.org/simple",
                "verify_ssl": true
            }
        ]
    },
    "default": {
        "aiomcache": {
            "hashes": [
                "sha256:17d82e0586c8500a7a3dac0fdef67e2d0300c82d4acb1595a9925783b7c382b5",
                "sha256:b38062efca87f2e6ac3b406bd816ca790900b03fef1c5c38fa61c18212c38825"
            ],
            "version": "==0.6.0"
        },
        "aioredis": {
            "hashes": [
                "sha256:29774c1191793403eaf7885ea2a562affd36a04d113e319bbcb27ebfbb22a832",
                "sha256:9d735f09117e68fe8a2bf1e1d1d2d31287fffa023903a3629fdc43c391787c0f"
            ],
            "version": "==1.0.0"
        },
        "async-timeout": {
            "hashes": [
                "sha256:d3a195a827b0f4068d1616ae2da04aac62e365d14f2b13dbc071f9feed9db4e2",
                "sha256:c17d8ac2d735d59aa62737d76f2787a6c938f5a944ecf768a8c0ab70b0dea566"
            ],
            "version": "==2.0.0"
        },
        "hiredis": {
            "hashes": [
                "sha256:ca958e13128e49674aa4a96f02746f5de5973f39b57297b84d59fd44d314d5b5"
            ],
            "version": "==0.2.0"
        },
        "msgpack": {
            "hashes": [
                "sha256:95b5dd99fb366d2ca87251d9f755c26b7c3995a1ab86de97546d273016d0042d",
                "sha256:6e97a9bdf3b0fa676910411fe8f10a0e3b8b92335640c7a131f1bbcfe1edd7d1",
                "sha256:718ca286ea67861ebe82367b5f0106ea8c00877f5aefcfe9c2acc505d16ea062",
                "sha256:b396ef2bff9657e134d3c5286c83bc6098223e2c72b30fe05be973714fc96a97",
                "sha256:388d7fb88dc968ada81e8f05d851cb3c8ae4fce344751e3cdc93dc2f127bdbd1",
                "sha256:82581e634e18e143d7838b5d64b640e7de210a65d216f41c56cc51e65a43781a",
                "sha256:aab92fd798058f0950cf8cb96ec1f7473c1cd7b2c135499d277e3fce054894e7",
                "sha256:d2def7129734a276d21c200c511c5a98adfafb828efc9b1b7513ef94e33e4bdc",
                "sha256:4f3a1e74ab923adceb5620ad7b5e11ad2418730b6c8d39324595a32a5bed6c08",
                "sha256:0b91c49693137493f5371428bc3be3e07170d19c509b1d835bea1cdfd52258f5",
                "sha256:4c6ccd97a501783b351572f85024892919197b74d61d3b71eebb64210ed07bf7",
                "sha256:6b4334a9785ba1d1019773e5d64cf6842384a053df0cf413336d41b9520a11ba",
                "sha256:81cdd29e3849b5772ffdee4dee1c83054716f395ff78f502bf0949d1e1409a83",
                "sha256:1dc60a4cfa9433876c4b6e5ab4dc91a2337b2b88fb1d20c54910b0a3f25219bc",
                "sha256:f5ebef2049f25da6d7ea53c3f95b4ba175ea9d96fadb60add80fc501a522bcc9"
            ],
            "version": "==0.5.1"
        }
    },
    "develop": {
        "e1839a8": {
            "editable": true,
            "path": "."
        }
    }
}
